// !$*UTF8*$!
{
	archiveVersion = 1;
	classes = {
	};
	objectVersion = 46;
	objects = {

/* Begin PBXBuildFile section */
		32D697F35CA021727B7C6310 /* Pods_SocketDemo.framework in Frameworks */ = {isa = PBXBuildFile; fileRef = 34211F6AD3BC0FA3B1438304 /* Pods_SocketDemo.framework */; };
		F75B19CC1E5AF41C00CD85D1 /* main.m in Sources */ = {isa = PBXBuildFile; fileRef = F75B19CB1E5AF41C00CD85D1 /* main.m */; };
		F75B19CF1E5AF41C00CD85D1 /* AppDelegate.m in Sources */ = {isa = PBXBuildFile; fileRef = F75B19CE1E5AF41C00CD85D1 /* AppDelegate.m */; };
		F75B19D21E5AF41C00CD85D1 /* ViewController.m in Sources */ = {isa = PBXBuildFile; fileRef = F75B19D11E5AF41C00CD85D1 /* ViewController.m */; };
		F75B19D51E5AF41C00CD85D1 /* Main.storyboard in Resources */ = {isa = PBXBuildFile; fileRef = F75B19D31E5AF41C00CD85D1 /* Main.storyboard */; };
		F75B19D71E5AF41C00CD85D1 /* Assets.xcassets in Resources */ = {isa = PBXBuildFile; fileRef = F75B19D61E5AF41C00CD85D1 /* Assets.xcassets */; };
		F75B19DA1E5AF41C00CD85D1 /* LaunchScreen.storyboard in Resources */ = {isa = PBXBuildFile; fileRef = F75B19D81E5AF41C00CD85D1 /* LaunchScreen.storyboard */; };
		F75B19E51E5AF41C00CD85D1 /* SocketDemoTests.m in Sources */ = {isa = PBXBuildFile; fileRef = F75B19E41E5AF41C00CD85D1 /* SocketDemoTests.m */; };
		F75B19F01E5AF41C00CD85D1 /* SocketDemoUITests.m in Sources */ = {isa = PBXBuildFile; fileRef = F75B19EF1E5AF41C00CD85D1 /* SocketDemoUITests.m */; };
/* End PBXBuildFile section */

/* Begin PBXContainerItemProxy section */
		F75B19E11E5AF41C00CD85D1 /* PBXContainerItemProxy */ = {
			isa = PBXContainerItemProxy;
			containerPortal = F75B19BF1E5AF41C00CD85D1 /* Project object */;
			proxyType = 1;
			remoteGlobalIDString = F75B19C61E5AF41C00CD85D1;
			remoteInfo = SocketDemo;
		};
		F75B19EC1E5AF41C00CD85D1 /* PBXContainerItemProxy */ = {
			isa = PBXContainerItemProxy;
			containerPortal = F75B19BF1E5AF41C00CD85D1 /* Project object */;
			proxyType = 1;
			remoteGlobalIDString = F75B19C61E5AF41C00CD85D1;
			remoteInfo = SocketDemo;
		};
/* End PBXContainerItemProxy section */

/* Begin PBXFileReference section */
		34211F6AD3BC0FA3B1438304 /* Pods_SocketDemo.framework */ = {isa = PBXFileReference; explicitFileType = wrapper.framework; includeInIndex = 0; path = Pods_SocketDemo.framework; sourceTree = BUILT_PRODUCTS_DIR; };
		4214C55ABDCFF6B71780FCA1 /* Pods-SocketDemo.debug.xcconfig */ = {isa = PBXFileReference; includeInIndex = 1; lastKnownFileType = text.xcconfig; name = "Pods-SocketDemo.debug.xcconfig"; path = "Pods/Target Support Files/Pods-SocketDemo/Pods-SocketDemo.debug.xcconfig"; sourceTree = "<group>"; };
		C3D3520051E4FF79298FE5AE /* Pods-SocketDemo.release.xcconfig */ = {isa = PBXFileReference; includeInIndex = 1; lastKnownFileType = text.xcconfig; name = "Pods-SocketDemo.release.xcconfig"; path = "Pods/Target Support Files/Pods-SocketDemo/Pods-SocketDemo.release.xcconfig"; sourceTree = "<group>"; };
		F75B19C71E5AF41C00CD85D1 /* SocketDemo.app */ = {isa = PBXFileReference; explicitFileType = wrapper.application; includeInIndex = 0; path = SocketDemo.app; sourceTree = BUILT_PRODUCTS_DIR; };
		F75B19CB1E5AF41C00CD85D1 /* main.m */ = {isa = PBXFileReference; lastKnownFileType = sourcecode.c.objc; path = main.m; sourceTree = "<group>"; };
		F75B19CD1E5AF41C00CD85D1 /* AppDelegate.h */ = {isa = PBXFileReference; lastKnownFileType = sourcecode.c.h; path = AppDelegate.h; sourceTree = "<group>"; };
		F75B19CE1E5AF41C00CD85D1 /* AppDelegate.m */ = {isa = PBXFileReference; lastKnownFileType = sourcecode.c.objc; path = AppDelegate.m; sourceTree = "<group>"; };
		F75B19D01E5AF41C00CD85D1 /* ViewController.h */ = {isa = PBXFileReference; lastKnownFileType = sourcecode.c.h; path = ViewController.h; sourceTree = "<group>"; };
		F75B19D11E5AF41C00CD85D1 /* ViewController.m */ = {isa = PBXFileReference; lastKnownFileType = sourcecode.c.objc; path = ViewController.m; sourceTree = "<group>"; };
		F75B19D41E5AF41C00CD85D1 /* Base */ = {isa = PBXFileReference; lastKnownFileType = file.storyboard; name = Base; path = Base.lproj/Main.storyboard; sourceTree = "<group>"; };
		F75B19D61E5AF41C00CD85D1 /* Assets.xcassets */ = {isa = PBXFileReference; lastKnownFileType = folder.assetcatalog; path = Assets.xcassets; sourceTree = "<group>"; };
		F75B19D91E5AF41C00CD85D1 /* Base */ = {isa = PBXFileReference; lastKnownFileType = file.storyboard; name = Base; path = Base.lproj/LaunchScreen.storyboard; sourceTree = "<group>"; };
		F75B19DB1E5AF41C00CD85D1 /* Info.plist */ = {isa = PBXFileReference; lastKnownFileType = text.plist.xml; path = Info.plist; sourceTree = "<group>"; };
		F75B19E01E5AF41C00CD85D1 /* SocketDemoTests.xctest */ = {isa = PBXFileReference; explicitFileType = wrapper.cfbundle; includeInIndex = 0; path = SocketDemoTests.xctest; sourceTree = BUILT_PRODUCTS_DIR; };
		F75B19E41E5AF41C00CD85D1 /* SocketDemoTests.m */ = {isa = PBXFileReference; lastKnownFileType = sourcecode.c.objc; path = SocketDemoTests.m; sourceTree = "<group>"; };
		F75B19E61E5AF41C00CD85D1 /* Info.plist */ = {isa = PBXFileReference; lastKnownFileType = text.plist.xml; path = Info.plist; sourceTree = "<group>"; };
		F75B19EB1E5AF41C00CD85D1 /* SocketDemoUITests.xctest */ = {isa = PBXFileReference; explicitFileType = wrapper.cfbundle; includeInIndex = 0; path = SocketDemoUITests.xctest; sourceTree = BUILT_PRODUCTS_DIR; };
		F75B19EF1E5AF41C00CD85D1 /* SocketDemoUITests.m */ = {isa = PBXFileReference; lastKnownFileType = sourcecode.c.objc; path = SocketDemoUITests.m; sourceTree = "<group>"; };
		F75B19F11E5AF41C00CD85D1 /* Info.plist */ = {isa = PBXFileReference; lastKnownFileType = text.plist.xml; path = Info.plist; sourceTree = "<group>"; };
/* End PBXFileReference section */

/* Begin PBXFrameworksBuildPhase section */
		F75B19C41E5AF41C00CD85D1 /* Frameworks */ = {
			isa = PBXFrameworksBuildPhase;
			buildActionMask = 2147483647;
			files = (
				32D697F35CA021727B7C6310 /* Pods_SocketDemo.framework in Frameworks */,
			);
			runOnlyForDeploymentPostprocessing = 0;
		};
		F75B19DD1E5AF41C00CD85D1 /* Frameworks */ = {
			isa = PBXFrameworksBuildPhase;
			buildActionMask = 2147483647;
			files = (
			);
			runOnlyForDeploymentPostprocessing = 0;
		};
		F75B19E81E5AF41C00CD85D1 /* Frameworks */ = {
			isa = PBXFrameworksBuildPhase;
			buildActionMask = 2147483647;
			files = (
			);
			runOnlyForDeploymentPostprocessing = 0;
		};
/* End PBXFrameworksBuildPhase section */

/* Begin PBXGroup section */
		ABDC1ADFEFE771135821C0BD /* Pods */ = {
			isa = PBXGroup;
			children = (
				4214C55ABDCFF6B71780FCA1 /* Pods-SocketDemo.debug.xcconfig */,
				C3D3520051E4FF79298FE5AE /* Pods-SocketDemo.release.xcconfig */,
			);
			name = Pods;
			sourceTree = "<group>";
		};
		C21FB5D0BEF70DBF2AC89A9D /* Frameworks */ = {
			isa = PBXGroup;
			children = (
				34211F6AD3BC0FA3B1438304 /* Pods_SocketDemo.framework */,
			);
			name = Frameworks;
			sourceTree = "<group>";
		};
		F75B19BE1E5AF41C00CD85D1 = {
			isa = PBXGroup;
			children = (
				F75B19C91E5AF41C00CD85D1 /* SocketDemo */,
				F75B19E31E5AF41C00CD85D1 /* SocketDemoTests */,
				F75B19EE1E5AF41C00CD85D1 /* SocketDemoUITests */,
				F75B19C81E5AF41C00CD85D1 /* Products */,
				ABDC1ADFEFE771135821C0BD /* Pods */,
				C21FB5D0BEF70DBF2AC89A9D /* Frameworks */,
			);
			sourceTree = "<group>";
		};
		F75B19C81E5AF41C00CD85D1 /* Products */ = {
			isa = PBXGroup;
			children = (
				F75B19C71E5AF41C00CD85D1 /* SocketDemo.app */,
				F75B19E01E5AF41C00CD85D1 /* SocketDemoTests.xctest */,
				F75B19EB1E5AF41C00CD85D1 /* SocketDemoUITests.xctest */,
			);
			name = Products;
			sourceTree = "<group>";
		};
		F75B19C91E5AF41C00CD85D1 /* SocketDemo */ = {
			isa = PBXGroup;
			children = (
				F75B19CD1E5AF41C00CD85D1 /* AppDelegate.h */,
				F75B19CE1E5AF41C00CD85D1 /* AppDelegate.m */,
				F75B19D01E5AF41C00CD85D1 /* ViewController.h */,
				F75B19D11E5AF41C00CD85D1 /* ViewController.m */,
				F75B19D31E5AF41C00CD85D1 /* Main.storyboard */,
				F75B19D61E5AF41C00CD85D1 /* Assets.xcassets */,
				F75B19D81E5AF41C00CD85D1 /* LaunchScreen.storyboard */,
				F75B19DB1E5AF41C00CD85D1 /* Info.plist */,
				F75B19CA1E5AF41C00CD85D1 /* Supporting Files */,
			);
			path = SocketDemo;
			sourceTree = "<group>";
		};
		F75B19CA1E5AF41C00CD85D1 /* Supporting Files */ = {
			isa = PBXGroup;
			children = (
				F75B19CB1E5AF41C00CD85D1 /* main.m */,
			);
			name = "Supporting Files";
			sourceTree = "<group>";
		};
		F75B19E31E5AF41C00CD85D1 /* SocketDemoTests */ = {
			isa = PBXGroup;
			children = (
				F75B19E41E5AF41C00CD85D1 /* SocketDemoTests.m */,
				F75B19E61E5AF41C00CD85D1 /* Info.plist */,
			);
			path = SocketDemoTests;
			sourceTree = "<group>";
		};
		F75B19EE1E5AF41C00CD85D1 /* SocketDemoUITests */ = {
			isa = PBXGroup;
			children = (
				F75B19EF1E5AF41C00CD85D1 /* SocketDemoUITests.m */,
				F75B19F11E5AF41C00CD85D1 /* Info.plist */,
			);
			path = SocketDemoUITests;
			sourceTree = "<group>";
		};
/* End PBXGroup section */

/* Begin PBXNativeTarget section */
		F75B19C61E5AF41C00CD85D1 /* SocketDemo */ = {
			isa = PBXNativeTarget;
			buildConfigurationList = F75B19F41E5AF41C00CD85D1 /* Build configuration list for PBXNativeTarget "SocketDemo" */;
			buildPhases = (
				85E99C05F3DC88156694C546 /* [CP] Check Pods Manifest.lock */,
				F75B19C31E5AF41C00CD85D1 /* Sources */,
				F75B19C41E5AF41C00CD85D1 /* Frameworks */,
				F75B19C51E5AF41C00CD85D1 /* Resources */,
				96644EBACA46720A71C6E746 /* [CP] Embed Pods Frameworks */,
				FDA60D6C7D6B01C2F446B986 /* [CP] Copy Pods Resources */,
			);
			buildRules = (
			);
			dependencies = (
			);
			name = SocketDemo;
			productName = SocketDemo;
			productReference = F75B19C71E5AF41C00CD85D1 /* SocketDemo.app */;
			productType = "com.apple.product-type.application";
		};
		F75B19DF1E5AF41C00CD85D1 /* SocketDemoTests */ = {
			isa = PBXNativeTarget;
			buildConfigurationList = F75B19F71E5AF41C00CD85D1 /* Build configuration list for PBXNativeTarget "SocketDemoTests" */;
			buildPhases = (
				F75B19DC1E5AF41C00CD85D1 /* Sources */,
				F75B19DD1E5AF41C00CD85D1 /* Frameworks */,
				F75B19DE1E5AF41C00CD85D1 /* Resources */,
			);
			buildRules = (
			);
			dependencies = (
				F75B19E21E5AF41C00CD85D1 /* PBXTargetDependency */,
			);
			name = SocketDemoTests;
			productName = SocketDemoTests;
			productReference = F75B19E01E5AF41C00CD85D1 /* SocketDemoTests.xctest */;
			productType = "com.apple.product-type.bundle.unit-test";
		};
		F75B19EA1E5AF41C00CD85D1 /* SocketDemoUITests */ = {
			isa = PBXNativeTarget;
			buildConfigurationList = F75B19FA1E5AF41C00CD85D1 /* Build configuration list for PBXNativeTarget "SocketDemoUITests" */;
			buildPhases = (
				F75B19E71E5AF41C00CD85D1 /* Sources */,
				F75B19E81E5AF41C00CD85D1 /* Frameworks */,
				F75B19E91E5AF41C00CD85D1 /* Resources */,
			);
			buildRules = (
			);
			dependencies = (
				F75B19ED1E5AF41C00CD85D1 /* PBXTargetDependency */,
			);
			name = SocketDemoUITests;
			productName = SocketDemoUITests;
			productReference = F75B19EB1E5AF41C00CD85D1 /* SocketDemoUITests.xctest */;
			productType = "com.apple.product-type.bundle.ui-testing";
		};
/* End PBXNativeTarget section */

/* Begin PBXProject section */
		F75B19BF1E5AF41C00CD85D1 /* Project object */ = {
			isa = PBXProject;
			attributes = {
				LastUpgradeCheck = 0820;
				ORGANIZATIONNAME = "丁玉松";
				TargetAttributes = {
					F75B19C61E5AF41C00CD85D1 = {
						CreatedOnToolsVersion = 8.2.1;
						ProvisioningStyle = Automatic;
					};
					F75B19DF1E5AF41C00CD85D1 = {
						CreatedOnToolsVersion = 8.2.1;
						ProvisioningStyle = Automatic;
						TestTargetID = F75B19C61E5AF41C00CD85D1;
					};
					F75B19EA1E5AF41C00CD85D1 = {
						CreatedOnToolsVersion = 8.2.1;
						ProvisioningStyle = Automatic;
						TestTargetID = F75B19C61E5AF41C00CD85D1;
					};
				};
			};
			buildConfigurationList = F75B19C21E5AF41C00CD85D1 /* Build configuration list for PBXProject "SocketDemo" */;
			compatibilityVersion = "Xcode 3.2";
			developmentRegion = English;
			hasScannedForEncodings = 0;
			knownRegions = (
				en,
				Base,
			);
			mainGroup = F75B19BE1E5AF41C00CD85D1;
			productRefGroup = F75B19C81E5AF41C00CD85D1 /* Products */;
			projectDirPath = "";
			projectRoot = "";
			targets = (
				F75B19C61E5AF41C00CD85D1 /* SocketDemo */,
				F75B19DF1E5AF41C00CD85D1 /* SocketDemoTests */,
				F75B19EA1E5AF41C00CD85D1 /* SocketDemoUITests */,
			);
		};
/* End PBXProject section */

/* Begin PBXResourcesBuildPhase section */
		F75B19C51E5AF41C00CD85D1 /* Resources */ = {
			isa = PBXResourcesBuildPhase;
			buildActionMask = 2147483647;
			files = (
				F75B19DA1E5AF41C00CD85D1 /* LaunchScreen.storyboard in Resources */,
				F75B19D71E5AF41C00CD85D1 /* Assets.xcassets in Resources */,
				F75B19D51E5AF41C00CD85D1 /* Main.storyboard in Resources */,
			);
			runOnlyForDeploymentPostprocessing = 0;
		};
		F75B19DE1E5AF41C00CD85D1 /* Resources */ = {
			isa = PBXResourcesBuildPhase;
			buildActionMask = 2147483647;
			files = (
			);
			runOnlyForDeploymentPostprocessing = 0;
		};
		F75B19E91E5AF41C00CD85D1 /* Resources */ = {
			isa = PBXResourcesBuildPhase;
			buildActionMask = 2147483647;
			files = (
			);
			runOnlyForDeploymentPostprocessing = 0;
		};
/* End PBXResourcesBuildPhase section */

/* Begin PBXShellScriptBuildPhase section */
		85E99C05F3DC88156694C546 /* [CP] Check Pods Manifest.lock */ = {
			isa = PBXShellScriptBuildPhase;
			buildActionMask = 2147483647;
			files = (
			);
			inputPaths = (
			);
			name = "[CP] Check Pods Manifest.lock";
			outputPaths = (
			);
			runOnlyForDeploymentPostprocessing = 0;
			shellPath = /bin/sh;
			shellScript = "diff \"${PODS_ROOT}/../Podfile.lock\" \"${PODS_ROOT}/Manifest.lock\" > /dev/null\nif [ $? != 0 ] ; then\n    # print error to STDERR\n    echo \"error: The sandbox is not in sync with the Podfile.lock. Run 'pod install' or update your CocoaPods installation.\" >&2\n    exit 1\nfi\n";
			showEnvVarsInLog = 0;
		};
		96644EBACA46720A71C6E746 /* [CP] Embed Pods Frameworks */ = {
			isa = PBXShellScriptBuildPhase;
			buildActionMask = 2147483647;
			files = (
			);
			inputPaths = (
			);
			name = "[CP] Embed Pods Frameworks";
			outputPaths = (
			);
			runOnlyForDeploymentPostprocessing = 0;
			shellPath = /bin/sh;
			shellScript = "\"${SRCROOT}/Pods/Target Support Files/Pods-SocketDemo/Pods-SocketDemo-frameworks.sh\"\n";
			showEnvVarsInLog = 0;
		};
		FDA60D6C7D6B01C2F446B986 /* [CP] Copy Pods Resources */ = {
			isa = PBXShellScriptBuildPhase;
			buildActionMask = 2147483647;
			files = (
			);
			inputPaths = (
			);
			name = "[CP] Copy Pods Resources";
			outputPaths = (
			);
			runOnlyForDeploymentPostprocessing = 0;
			shellPath = /bin/sh;
			shellScript = "\"${SRCROOT}/Pods/Target Support Files/Pods-SocketDemo/Pods-SocketDemo-resources.sh\"\n";
			showEnvVarsInLog = 0;
		};
/* End PBXShellScriptBuildPhase section */

/* Begin PBXSourcesBuildPhase section */
		F75B19C31E5AF41C00CD85D1 /* Sources */ = {
			isa = PBXSourcesBuildPhase;
			buildActionMask = 2147483647;
			files = (
				F75B19D21E5AF41C00CD85D1 /* ViewController.m in Sources */,
				F75B19CF1E5AF41C00CD85D1 /* AppDelegate.m in Sources */,
				F75B19CC1E5AF41C00CD85D1 /* main.m in Sources */,
			);
			runOnlyForDeploymentPostprocessing = 0;
		};
		F75B19DC1E5AF41C00CD85D1 /* Sources */ = {
			isa = PBXSourcesBuildPhase;
			buildActionMask = 2147483647;
			files = (
				F75B19E51E5AF41C00CD85D1 /* SocketDemoTests.m in Sources */,
			);
			runOnlyForDeploymentPostprocessing = 0;
		};
		F75B19E71E5AF41C00CD85D1 /* Sources */ = {
			isa = PBXSourcesBuildPhase;
			buildActionMask = 2147483647;
			files = (
				F75B19F01E5AF41C00CD85D1 /* SocketDemoUITests.m in Sources */,
			);
			runOnlyForDeploymentPostprocessing = 0;
		};
/* End PBXSourcesBuildPhase section */

/* Begin PBXTargetDependency section */
		F75B19E21E5AF41C00CD85D1 /* PBXTargetDependency */ = {
			isa = PBXTargetDependency;
			target = F75B19C61E5AF41C00CD85D1 /* SocketDemo */;
			targetProxy = F75B19E11E5AF41C00CD85D1 /* PBXContainerItemProxy */;
		};
		F75B19ED1E5AF41C00CD85D1 /* PBXTargetDependency */ = {
			isa = PBXTargetDependency;
			target = F75B19C61E5AF41C00CD85D1 /* SocketDemo */;
			targetProxy = F75B19EC1E5AF41C00CD85D1 /* PBXContainerItemProxy */;
		};
/* End PBXTargetDependency section */

/* Begin PBXVariantGroup section */
		F75B19D31E5AF41C00CD85D1 /* Main.storyboard */ = {
			isa = PBXVariantGroup;
			children = (
				F75B19D41E5AF41C00CD85D1 /* Base */,
			);
			name = Main.storyboard;
			sourceTree = "<group>";
		};
		F75B19D81E5AF41C00CD85D1 /* LaunchScreen.storyboard */ = {
			isa = PBXVariantGroup;
			children = (
				F75B19D91E5AF41C00CD85D1 /* Base */,
			);
			name = LaunchScreen.storyboard;
			sourceTree = "<group>";
		};
/* End PBXVariantGroup section */

/* Begin XCBuildConfiguration section */
		F75B19F21E5AF41C00CD85D1 /* Debug */ = {
			isa = XCBuildConfiguration;
			buildSettings = {
				ALWAYS_SEARCH_USER_PATHS = NO;
				CLANG_ANALYZER_NONNULL = YES;
				CLANG_CXX_LANGUAGE_STANDARD = "gnu++0x";
				CLANG_CXX_LIBRARY = "libc++";
				CLANG_ENABLE_MODULES = YES;
				CLANG_ENABLE_OBJC_ARC = YES;
				CLANG_WARN_BOOL_CONVERSION = YES;
				CLANG_WARN_CONSTANT_CONVERSION = YES;
				CLANG_WARN_DIRECT_OBJC_ISA_USAGE = YES_ERROR;
				CLANG_WARN_DOCUMENTATION_COMMENTS = YES;
				CLANG_WARN_EMPTY_BODY = YES;
				CLANG_WARN_ENUM_CONVERSION = YES;
				CLANG_WARN_INFINITE_RECURSION = YES;
				CLANG_WARN_INT_CONVERSION = YES;
				CLANG_WARN_OBJC_ROOT_CLASS = YES_ERROR;
				CLANG_WARN_SUSPICIOUS_MOVE = YES;
				CLANG_WARN_UNREACHABLE_CODE = YES;
				CLANG_WARN__DUPLICATE_METHOD_MATCH = YES;
				"CODE_SIGN_IDENTITY[sdk=iphoneos*]" = "iPhone Developer";
				COPY_PHASE_STRIP = NO;
				DEBUG_INFORMATION_FORMAT = dwarf;
				ENABLE_STRICT_OBJC_MSGSEND = YES;
				ENABLE_TESTABILITY = YES;
				GCC_C_LANGUAGE_STANDARD = gnu99;
				GCC_DYNAMIC_NO_PIC = NO;
				GCC_NO_COMMON_BLOCKS = YES;
				GCC_OPTIMIZATION_LEVEL = 0;
				GCC_PREPROCESSOR_DEFINITIONS = (
					"DEBUG=1",
					"$(inherited)",
				);
				GCC_WARN_64_TO_32_BIT_CONVERSION = YES;
				GCC_WARN_ABOUT_RETURN_TYPE = YES_ERROR;
				GCC_WARN_UNDECLARED_SELECTOR = YES;
				GCC_WARN_UNINITIALIZED_AUTOS = YES_AGGRESSIVE;
				GCC_WARN_UNUSED_FUNCTION = YES;
				GCC_WARN_UNUSED_VARIABLE = YES;
				IPHONEOS_DEPLOYMENT_TARGET = 10.2;
				MTL_ENABLE_DEBUG_INFO = YES;
				ONLY_ACTIVE_ARCH = YES;
				SDKROOT = iphoneos;
			};
			name = Debug;
		};
		F75B19F31E5AF41C00CD85D1 /* Release */ = {
			isa = XCBuildConfiguration;
			buildSettings = {
				ALWAYS_SEARCH_USER_PATHS = NO;
				CLANG_ANALYZER_NONNULL = YES;
				CLANG_CXX_LANGUAGE_STANDARD = "gnu++0x";
				CLANG_CXX_LIBRARY = "libc++";
				CLANG_ENABLE_MODULES = YES;
				CLANG_ENABLE_OBJC_ARC = YES;
				CLANG_WARN_BOOL_CONVERSION = YES;
				CLANG_WARN_CONSTANT_CONVERSION = YES;
				CLANG_WARN_DIRECT_OBJC_ISA_USAGE = YES_ERROR;
				CLANG_WARN_DOCUMENTATION_COMMENTS = YES;
				CLANG_WARN_EMPTY_BODY = YES;
				CLANG_WARN_ENUM_CONVERSION = YES;
				CLANG_WARN_INFINITE_RECURSION = YES;
				CLANG_WARN_INT_CONVERSION = YES;
				CLANG_WARN_OBJC_ROOT_CLASS = YES_ERROR;
				CLANG_WARN_SUSPICIOUS_MOVE = YES;
				CLANG_WARN_UNREACHABLE_CODE = YES;
				CLANG_WARN__DUPLICATE_METHOD_MATCH = YES;
				"CODE_SIGN_IDENTITY[sdk=iphoneos*]" = "iPhone Developer";
				COPY_PHASE_STRIP = NO;
				DEBUG_INFORMATION_FORMAT = "dwarf-with-dsym";
				ENABLE_NS_ASSERTIONS = NO;
				ENABLE_STRICT_OBJC_MSGSEND = YES;
				GCC_C_LANGUAGE_STANDARD = gnu99;
				GCC_NO_COMMON_BLOCKS = YES;
				GCC_WARN_64_TO_32_BIT_CONVERSION = YES;
				GCC_WARN_ABOUT_RETURN_TYPE = YES_ERROR;
				GCC_WARN_UNDECLARED_SELECTOR = YES;
				GCC_WARN_UNINITIALIZED_AUTOS = YES_AGGRESSIVE;
				GCC_WARN_UNUSED_FUNCTION = YES;
				GCC_WARN_UNUSED_VARIABLE = YES;
				IPHONEOS_DEPLOYMENT_TARGET = 10.2;
				MTL_ENABLE_DEBUG_INFO = NO;
				SDKROOT = iphoneos;
				VALIDATE_PRODUCT = YES;
			};
			name = Release;
		};
		F75B19F51E5AF41C00CD85D1 /* Debug */ = {
			isa = XCBuildConfiguration;
			baseConfigurationReference = 4214C55ABDCFF6B71780FCA1 /* Pods-SocketDemo.debug.xcconfig */;
			buildSettings = {
				ASSETCATALOG_COMPILER_APPICON_NAME = AppIcon;
				INFOPLIST_FILE = SocketDemo/Info.plist;
				LD_RUNPATH_SEARCH_PATHS = "$(inherited) @executable_path/Frameworks";
				PRODUCT_BUNDLE_IDENTIFIER = com.gbanker.SocketDemo;
				PRODUCT_NAME = "$(TARGET_NAME)";
			};
			name = Debug;
		};
		F75B19F61E5AF41C00CD85D1 /* Release */ = {
			isa = XCBuildConfiguration;
			baseConfigurationReference = C3D3520051E4FF79298FE5AE /* Pods-SocketDemo.release.xcconfig */;
			buildSettings = {
				ASSETCATALOG_COMPILER_APPICON_NAME = AppIcon;
				INFOPLIST_FILE = SocketDemo/Info.plist;
				LD_RUNPATH_SEARCH_PATHS = "$(inherited) @executable_path/Frameworks";
				PRODUCT_BUNDLE_IDENTIFIER = com.gbanker.SocketDemo;
				PRODUCT_NAME = "$(TARGET_NAME)";
			};
			name = Release;
		};
		F75B19F81E5AF41C00CD85D1 /* Debug */ = {
			isa = XCBuildConfiguration;
			buildSettings = {
				BUNDLE_LOADER = "$(TEST_HOST)";
				INFOPLIST_FILE = SocketDemoTests/Info.plist;
				LD_RUNPATH_SEARCH_PATHS = "$(inherited) @executable_path/Frameworks @loader_path/Frameworks";
				PRODUCT_BUNDLE_IDENTIFIER = com.gbanker.SocketDemoTests;
				PRODUCT_NAME = "$(TARGET_NAME)";
				TEST_HOST = "$(BUILT_PRODUCTS_DIR)/SocketDemo.app/SocketDemo";
			};
			name = Debug;
		};
		F75B19F91E5AF41C00CD85D1 /* Release */ = {
			isa = XCBuildConfiguration;
			buildSettings = {
				BUNDLE_LOADER = "$(TEST_HOST)";
				INFOPLIST_FILE = SocketDemoTests/Info.plist;
				LD_RUNPATH_SEARCH_PATHS = "$(inherited) @executable_path/Frameworks @loader_path/Frameworks";
				PRODUCT_BUNDLE_IDENTIFIER = com.gbanker.SocketDemoTests;
				PRODUCT_NAME = "$(TARGET_NAME)";
				TEST_HOST = "$(BUILT_PRODUCTS_DIR)/SocketDemo.app/SocketDemo";
			};
			name = Release;
		};
		F75B19FB1E5AF41C00CD85D1 /* Debug */ = {
			isa = XCBuildConfiguration;
			buildSettings = {
				INFOPLIST_FILE = SocketDemoUITests/Info.plist;
				LD_RUNPATH_SEARCH_PATHS = "$(inherited) @executable_path/Frameworks @loader_path/Frameworks";
				PRODUCT_BUNDLE_IDENTIFIER = com.gbanker.SocketDemoUITests;
				PRODUCT_NAME = "$(TARGET_NAME)";
				TEST_TARGET_NAME = SocketDemo;
			};
			name = Debug;
		};
		F75B19FC1E5AF41C00CD85D1 /* Release */ = {
			isa = XCBuildConfiguration;
			buildSettings = {
				INFOPLIST_FILE = SocketDemoUITests/Info.plist;
				LD_RUNPATH_SEARCH_PATHS = "$(inherited) @executable_path/Frameworks @loader_path/Frameworks";
				PRODUCT_BUNDLE_IDENTIFIER = com.gbanker.SocketDemoUITests;
				PRODUCT_NAME = "$(TARGET_NAME)";
				TEST_TARGET_NAME = SocketDemo;
			};
			name = Release;
		};
/* End XCBuildConfiguration section */

/* Begin XCConfigurationList section */
		F75B19C21E5AF41C00CD85D1 /* Build configuration list for PBXProject "SocketDemo" */ = {
			isa = XCConfigurationList;
			buildConfigurations = (
				F75B19F21E5AF41C00CD85D1 /* Debug */,
				F75B19F31E5AF41C00CD85D1 /* Release */,
			);
			defaultConfigurationIsVisible = 0;
			defaultConfigurationName = Release;
		};
		F75B19F41E5AF41C00CD85D1 /* Build configuration list for PBXNativeTarget "SocketDemo" */ = {
			isa = XCConfigurationList;
			buildConfigurations = (
				F75B19F51E5AF41C00CD85D1 /* Debug */,
				F75B19F61E5AF41C00CD85D1 /* Release */,
			);
			defaultConfigurationIsVisible = 0;
		};
		F75B19F71E5AF41C00CD85D1 /* Build configuration list for PBXNativeTarget "SocketDemoTests" */ = {
			isa = XCConfigurationList;
			buildConfigurations = (
				F75B19F81E5AF41C00CD85D1 /* Debug */,
				F75B19F91E5AF41C00CD85D1 /* Release */,
			);
			defaultConfigurationIsVisible = 0;
		};
		F75B19FA1E5AF41C00CD85D1 /* Build configuration list for PBXNativeTarget "SocketDemoUITests" */ = {
			isa = XCConfigurationList;
			buildConfigurations = (
				F75B19FB1E5AF41C00CD85D1 /* Debug */,
				F75B19FC1E5AF41C00CD85D1 /* Release */,
			);
			defaultConfigurationIsVisible = 0;
		};
/* End XCConfigurationList section */
	};
	rootObject = F75B19BF1E5AF41C00CD85D1 /* Project object */;
}
